// !$*UTF8*$!
{
	archiveVersion = 1;
	classes = {
	};
	objectVersion = 50;
	objects = {

/* Begin PBXBuildFile section */
		2CD6DC4F243D6D1F0088E919 /* AppDelegate.m in Sources */ = {isa = PBXBuildFile; fileRef = 2CD6DC4E243D6D1F0088E919 /* AppDelegate.m */; };
		2CD6DC52243D6D1F0088E919 /* SceneDelegate.m in Sources */ = {isa = PBXBuildFile; fileRef = 2CD6DC51243D6D1F0088E919 /* SceneDelegate.m */; };
		2CD6DC55243D6D1F0088E919 /* ViewController.m in Sources */ = {isa = PBXBuildFile; fileRef = 2CD6DC54243D6D1F0088E919 /* ViewController.m */; };
		2CD6DC58243D6D1F0088E919 /* Main.storyboard in Resources */ = {isa = PBXBuildFile; fileRef = 2CD6DC56243D6D1F0088E919 /* Main.storyboard */; };
		2CD6DC5A243D6D250088E919 /* Assets.xcassets in Resources */ = {isa = PBXBuildFile; fileRef = 2CD6DC59243D6D250088E919 /* Assets.xcassets */; };
		2CD6DC5D243D6D250088E919 /* LaunchScreen.storyboard in Resources */ = {isa = PBXBuildFile; fileRef = 2CD6DC5B243D6D250088E919 /* LaunchScreen.storyboard */; };
		2CD6DC60243D6D250088E919 /* main.m in Sources */ = {isa = PBXBuildFile; fileRef = 2CD6DC5F243D6D250088E919 /* main.m */; };
/* End PBXBuildFile section */

/* Begin PBXFileReference section */
		2CD6DC4A243D6D1F0088E919 /* Test_Block.app */ = {isa = PBXFileReference; explicitFileType = wrapper.application; includeInIndex = 0; path = Test_Block.app; sourceTree = BUILT_PRODUCTS_DIR; };
		2CD6DC4D243D6D1F0088E919 /* AppDelegate.h */ = {isa = PBXFileReference; lastKnownFileType = sourcecode.c.h; path = AppDelegate.h; sourceTree = "<group>"; };
		2CD6DC4E243D6D1F0088E919 /* AppDelegate.m */ = {isa = PBXFileReference; lastKnownFileType = sourcecode.c.objc; path = AppDelegate.m; sourceTree = "<group>"; };
		2CD6DC50243D6D1F0088E919 /* SceneDelegate.h */ = {isa = PBXFileReference; lastKnownFileType = sourcecode.c.h; path = SceneDelegate.h; sourceTree = "<group>"; };
		2CD6DC51243D6D1F0088E919 /* SceneDelegate.m */ = {isa = PBXFileReference; lastKnownFileType = sourcecode.c.objc; path = SceneDelegate.m; sourceTree = "<group>"; };
		2CD6DC53243D6D1F0088E919 /* ViewController.h */ = {isa = PBXFileReference; lastKnownFileType = sourcecode.c.h; path = ViewController.h; sourceTree = "<group>"; };
		2CD6DC54243D6D1F0088E919 /* ViewController.m */ = {isa = PBXFileReference; lastKnownFileType = sourcecode.c.objc; path = ViewController.m; sourceTree = "<group>"; };
		2CD6DC57243D6D1F0088E919 /* Base */ = {isa = PBXFileReference; lastKnownFileType = file.storyboard; name = Base; path = Base.lproj/Main.storyboard; sourceTree = "<group>"; };
		2CD6DC59243D6D250088E919 /* Assets.xcassets */ = {isa = PBXFileReference; lastKnownFileType = folder.assetcatalog; path = Assets.xcassets; sourceTree = "<group>"; };
		2CD6DC5C243D6D250088E919 /* Base */ = {isa = PBXFileReference; lastKnownFileType = file.storyboard; name = Base; path = Base.lproj/LaunchScreen.storyboard; sourceTree = "<group>"; };
		2CD6DC5E243D6D250088E919 /* Info.plist */ = {isa = PBXFileReference; lastKnownFileType = text.plist.xml; path = Info.plist; sourceTree = "<group>"; };
		2CD6DC5F243D6D250088E919 /* main.m */ = {isa = PBXFileReference; lastKnownFileType = sourcecode.c.objc; path = main.m; sourceTree = "<group>"; };
/* End PBXFileReference section */

/* Begin PBXFrameworksBuildPhase section */
		2CD6DC47243D6D1F0088E919 /* Frameworks */ = {
			isa = PBXFrameworksBuildPhase;
			buildActionMask = 2147483647;
			files = (
			);
			runOnlyForDeploymentPostprocessing = 0;
		};
/* End PBXFrameworksBuildPhase section */

/* Begin PBXGroup section */
		2CD6DC41243D6D1E0088E919 = {
			isa = PBXGroup;
			children = (
				2CD6DC4C243D6D1F0088E919 /* Test_Block */,
				2CD6DC4B243D6D1F0088E919 /* Products */,
			);
			sourceTree = "<group>";
		};
		2CD6DC4B243D6D1F0088E919 /* Products */ = {
			isa = PBXGroup;
			children = (
				2CD6DC4A243D6D1F0088E919 /* Test_Block.app */,
			);
			name = Products;
			sourceTree = "<group>";
		};
		2CD6DC4C243D6D1F0088E919 /* Test_Block */ = {
			isa = PBXGroup;
			children = (
				2CD6DC4D243D6D1F0088E919 /* AppDelegate.h */,
				2CD6DC4E243D6D1F0088E919 /* AppDelegate.m */,
				2CD6DC50243D6D1F0088E919 /* SceneDelegate.h */,
				2CD6DC51243D6D1F0088E919 /* SceneDelegate.m */,
				2CD6DC53243D6D1F0088E919 /* ViewController.h */,
				2CD6DC54243D6D1F0088E919 /* ViewController.m */,
				2CD6DC56243D6D1F0088E919 /* Main.storyboard */,
				2CD6DC59243D6D250088E919 /* Assets.xcassets */,
				2CD6DC5B243D6D250088E919 /* LaunchScreen.storyboard */,
				2CD6DC5E243D6D250088E919 /* Info.plist */,
				2CD6DC5F243D6D250088E919 /* main.m */,
			);
			path = Test_Block;
			sourceTree = "<group>";
		};
/* End PBXGroup section */

/* Begin PBXNativeTarget section */
		2CD6DC49243D6D1F0088E919 /* Test_Block */ = {
			isa = PBXNativeTarget;
			buildConfigurationList = 2CD6DC63243D6D250088E919 /* Build configuration list for PBXNativeTarget "Test_Block" */;
			buildPhases = (
				2CD6DC46243D6D1F0088E919 /* Sources */,
				2CD6DC47243D6D1F0088E919 /* Frameworks */,
				2CD6DC48243D6D1F0088E919 /* Resources */,
			);
			buildRules = (
			);
			dependencies = (
			);
			name = Test_Block;
			productName = Test_Block;
			productReference = 2CD6DC4A243D6D1F0088E919 /* Test_Block.app */;
			productType = "com.apple.product-type.application";
		};
/* End PBXNativeTarget section */

/* Begin PBXProject section */
		2CD6DC42243D6D1E0088E919 /* Project object */ = {
			isa = PBXProject;
			attributes = {
				LastUpgradeCheck = 1140;
				ORGANIZATIONNAME = "张影";
				TargetAttributes = {
					2CD6DC49243D6D1F0088E919 = {
						CreatedOnToolsVersion = 11.4;
					};
				};
			};
			buildConfigurationList = 2CD6DC45243D6D1E0088E919 /* Build configuration list for PBXProject "Test_Block" */;
			compatibilityVersion = "Xcode 9.3";
			developmentRegion = en;
			hasScannedForEncodings = 0;
			knownRegions = (
				en,
				Base,
			);
			mainGroup = 2CD6DC41243D6D1E0088E919;
			productRefGroup = 2CD6DC4B243D6D1F0088E919 /* Products */;
			projectDirPath = "";
			projectRoot = "";
			targets = (
				2CD6DC49243D6D1F0088E919 /* Test_Block */,
			);
		};
/* End PBXProject section */

/* Begin PBXResourcesBuildPhase section */
		2CD6DC48243D6D1F0088E919 /* Resources */ = {
			isa = PBXResourcesBuildPhase;
			buildActionMask = 2147483647;
			files = (
				2CD6DC5D243D6D250088E919 /* LaunchScreen.storyboard in Resources */,
				2CD6DC5A243D6D250088E919 /* Assets.xcassets in Resources */,
				2CD6DC58243D6D1F0088E919 /* Main.storyboard in Resources */,
			);
			runOnlyForDeploymentPostprocessing = 0;
		};
/* End PBXResourcesBuildPhase section */

/* Begin PBXSourcesBuildPhase section */
		2CD6DC46243D6D1F0088E919 /* Sources */ = {
			isa = PBXSourcesBuildPhase;
			buildActionMask = 2147483647;
			files = (
				2CD6DC55243D6D1F0088E919 /* ViewController.m in Sources */,
				2CD6DC4F243D6D1F0088E919 /* AppDelegate.m in Sources */,
				2CD6DC60243D6D250088E919 /* main.m in Sources */,
				2CD6DC52243D6D1F0088E919 /* SceneDelegate.m in Sources */,
			);
			runOnlyForDeploymentPostprocessing = 0;
		};
/* End PBXSourcesBuildPhase section */

/* Begin PBXVariantGroup section */
		2CD6DC56243D6D1F0088E919 /* Main.storyboard */ = {
			isa = PBXVariantGroup;
			children = (
				2CD6DC57243D6D1F0088E919 /* Base */,
			);
			name = Main.storyboard;
			sourceTree = "<group>";
		};
		2CD6DC5B243D6D250088E919 /* LaunchScreen.storyboard */ = {
			isa = PBXVariantGroup;
			children = (
				2CD6DC5C243D6D250088E919 /* Base */,
			);
			name = LaunchScreen.storyboard;
			sourceTree = "<group>";
		};
/* End PBXVariantGroup section */

/* Begin XCBuildConfiguration section */
		2CD6DC61243D6D250088E919 /* Debug */ = {
			isa = XCBuildConfiguration;
			buildSettings = {
				ALWAYS_SEARCH_USER_PATHS = NO;
				CLANG_ANALYZER_NONNULL = YES;
				CLANG_ANALYZER_NUMBER_OBJECT_CONVERSION = YES_AGGRESSIVE;
				CLANG_CXX_LANGUAGE_STANDARD = "gnu++14";
				CLANG_CXX_LIBRARY = "libc++";
				CLANG_ENABLE_MODULES = YES;
				CLANG_ENABLE_OBJC_ARC = YES;
				CLANG_ENABLE_OBJC_WEAK = YES;
				CLANG_WARN_BLOCK_CAPTURE_AUTORELEASING = YES;
				CLANG_WARN_BOOL_CONVERSION = YES;
				CLANG_WARN_COMMA = YES;
				CLANG_WARN_CONSTANT_CONVERSION = YES;
				CLANG_WARN_DEPRECATED_OBJC_IMPLEMENTATIONS = YES;
				CLANG_WARN_DIRECT_OBJC_ISA_USAGE = YES_ERROR;
				CLANG_WARN_DOCUMENTATION_COMMENTS = YES;
				CLANG_WARN_EMPTY_BODY = YES;
				CLANG_WARN_ENUM_CONVERSION = YES;
				CLANG_WARN_INFINITE_RECURSION = YES;
				CLANG_WARN_INT_CONVERSION = YES;
				CLANG_WARN_NON_LITERAL_NULL_CONVERSION = YES;
				CLANG_WARN_OBJC_IMPLICIT_RETAIN_SELF = YES;
				CLANG_WARN_OBJC_LITERAL_CONVERSION = YES;
				CLANG_WARN_OBJC_ROOT_CLASS = YES_ERROR;
				CLANG_WARN_RANGE_LOOP_ANALYSIS = YES;
				CLANG_WARN_STRICT_PROTOTYPES = YES;
				CLANG_WARN_SUSPICIOUS_MOVE = YES;
				CLANG_WARN_UNGUARDED_AVAILABILITY = YES_AGGRESSIVE;
				CLANG_WARN_UNREACHABLE_CODE = YES;
				CLANG_WARN__DUPLICATE_METHOD_MATCH = YES;
				COPY_PHASE_STRIP = NO;
				DEBUG_INFORMATION_FORMAT = dwarf;
				ENABLE_STRICT_OBJC_MSGSEND = YES;
				ENABLE_TESTABILITY = YES;
				GCC_C_LANGUAGE_STANDARD = gnu11;
				GCC_DYNAMIC_NO_PIC = NO;
				GCC_NO_COMMON_BLOCKS = YES;
				GCC_OPTIMIZATION_LEVEL = 0;
				GCC_PREPROCESSOR_DEFINITIONS = (
					"DEBUG=1",
					"$(inherited)",
				);
				GCC_WARN_64_TO_32_BIT_CONVERSION = YES;
				GCC_WARN_ABOUT_RETURN_TYPE = YES_ERROR;
				GCC_WARN_UNDECLARED_SELECTOR = YES;
				GCC_WARN_UNINITIALIZED_AUTOS = YES_AGGRESSIVE;
				GCC_WARN_UNUSED_FUNCTION = YES;
				GCC_WARN_UNUSED_VARIABLE = YES;
				IPHONEOS_DEPLOYMENT_TARGET = 13.4;
				MTL_ENABLE_DEBUG_INFO = INCLUDE_SOURCE;
				MTL_FAST_MATH = YES;
				ONLY_ACTIVE_ARCH = YES;
				SDKROOT = iphoneos;
			};
			name = Debug;
		};
		2CD6DC62243D6D250088E919 /* Release */ = {
			isa = XCBuildConfiguration;
			buildSettings = {
				ALWAYS_SEARCH_USER_PATHS = NO;
				CLANG_ANALYZER_NONNULL = YES;
				CLANG_ANALYZER_NUMBER_OBJECT_CONVERSION = YES_AGGRESSIVE;
				CLANG_CXX_LANGUAGE_STANDARD = "gnu++14";
				CLANG_CXX_LIBRARY = "libc++";
				CLANG_ENABLE_MODULES = YES;
				CLANG_ENABLE_OBJC_ARC = YES;
				CLANG_ENABLE_OBJC_WEAK = YES;
				CLANG_WARN_BLOCK_CAPTURE_AUTORELEASING = YES;
				CLANG_WARN_BOOL_CONVERSION = YES;
				CLANG_WARN_COMMA = YES;
				CLANG_WARN_CONSTANT_CONVERSION = YES;
				CLANG_WARN_DEPRECATED_OBJC_IMPLEMENTATIONS = YES;
				CLANG_WARN_DIRECT_OBJC_ISA_USAGE = YES_ERROR;
				CLANG_WARN_DOCUMENTATION_COMMENTS = YES;
				CLANG_WARN_EMPTY_BODY = YES;
				CLANG_WARN_ENUM_CONVERSION = YES;
				CLANG_WARN_INFINITE_RECURSION = YES;
				CLANG_WARN_INT_CONVERSION = YES;
				CLANG_WARN_NON_LITERAL_NULL_CONVERSION = YES;
				CLANG_WARN_OBJC_IMPLICIT_RETAIN_SELF = YES;
				CLANG_WARN_OBJC_LITERAL_CONVERSION = YES;
				CLANG_WARN_OBJC_ROOT_CLASS = YES_ERROR;
				CLANG_WARN_RANGE_LOOP_ANALYSIS = YES;
				CLANG_WARN_STRICT_PROTOTYPES = YES;
				CLANG_WARN_SUSPICIOUS_MOVE = YES;
				CLANG_WARN_UNGUARDED_AVAILABILITY = YES_AGGRESSIVE;
				CLANG_WARN_UNREACHABLE_CODE = YES;
				CLANG_WARN__DUPLICATE_METHOD_MATCH = YES;
				COPY_PHASE_STRIP = NO;
				DEBUG_INFORMATION_FORMAT = "dwarf-with-dsym";
				ENABLE_NS_ASSERTIONS = NO;
				ENABLE_STRICT_OBJC_MSGSEND = YES;
				GCC_C_LANGUAGE_STANDARD = gnu11;
				GCC_NO_COMMON_BLOCKS = YES;
				GCC_WARN_64_TO_32_BIT_CONVERSION = YES;
				GCC_WARN_ABOUT_RETURN_TYPE = YES_ERROR;
				GCC_WARN_UNDECLARED_SELECTOR = YES;
				GCC_WARN_UNINITIALIZED_AUTOS = YES_AGGRESSIVE;
				GCC_WARN_UNUSED_FUNCTION = YES;
				GCC_WARN_UNUSED_VARIABLE = YES;
				IPHONEOS_DEPLOYMENT_TARGET = 13.4;
				MTL_ENABLE_DEBUG_INFO = NO;
				MTL_FAST_MATH = YES;
				SDKROOT = iphoneos;
				VALIDATE_PRODUCT = YES;
			};
			name = Release;
		};
		2CD6DC64243D6D250088E919 /* Debug */ = {
			isa = XCBuildConfiguration;
			buildSettings = {
				ASSETCATALOG_COMPILER_APPICON_NAME = AppIcon;
				CODE_SIGN_STYLE = Automatic;
				DEVELOPMENT_TEAM = 4QW5Y7PB9P;
				INFOPLIST_FILE = Test_Block/Info.plist;
				LD_RUNPATH_SEARCH_PATHS = (
					"$(inherited)",
					"@executable_path/Frameworks",
				);
				PRODUCT_BUNDLE_IDENTIFIER = "com.rtldemo.www.Test-Block";
				PRODUCT_NAME = "$(TARGET_NAME)";
				TARGETED_DEVICE_FAMILY = "1,2";
			};
			name = Debug;
		};
		2CD6DC65243D6D250088E919 /* Release */ = {
			isa = XCBuildConfiguration;
			buildSettings = {
				ASSETCATALOG_COMPILER_APPICON_NAME = AppIcon;
				CODE_SIGN_STYLE = Automatic;
				DEVELOPMENT_TEAM = 4QW5Y7PB9P;
				INFOPLIST_FILE = Test_Block/Info.plist;
				LD_RUNPATH_SEARCH_PATHS = (
					"$(inherited)",
					"@executable_path/Frameworks",
				);
				PRODUCT_BUNDLE_IDENTIFIER = "com.rtldemo.www.Test-Block";
				PRODUCT_NAME = "$(TARGET_NAME)";
				TARGETED_DEVICE_FAMILY = "1,2";
			};
			name = Release;
		};
/* End XCBuildConfiguration section */

/* Begin XCConfigurationList section */
		2CD6DC45243D6D1E0088E919 /* Build configuration list for PBXProject "Test_Block" */ = {
			isa = XCConfigurationList;
			buildConfigurations = (
				2CD6DC61243D6D250088E919 /* Debug */,
				2CD6DC62243D6D250088E919 /* Release */,
			);
			defaultConfigurationIsVisible = 0;
			defaultConfigurationName = Release;
		};
		2CD6DC63243D6D250088E919 /* Build configuration list for PBXNativeTarget "Test_Block" */ = {
			isa = XCConfigurationList;
			buildConfigurations = (
				2CD6DC64243D6D250088E919 /* Debug */,
				2CD6DC65243D6D250088E919 /* Release */,
			);
			defaultConfigurationIsVisible = 0;
			defaultConfigurationName = Release;
		};
/* End XCConfigurationList section */
	};
	rootObject = 2CD6DC42243D6D1E0088E919 /* Project object */;
}
